
Microsoft Visual Studio Solution File, Format Version 12.00
# Visual Studio 14
VisualStudioVersion = 14.0.25420.1
MinimumVisualStudioVersion = 10.0.40219.1
Project("{159641D6-6404-4A2A-AE62-294DE0FE8301}") = "DW1.APICatalog.API Catalog ETL", "DW1.APICatalog.API Catalog ETL\DW1.APICatalog.API Catalog ETL.dtproj", "{A56BC05F-64CD-431E-838B-8473346C2DB5}"
EndProject
Global
	GlobalSection(SolutionConfigurationPlatforms) = preSolution
		Development|Default = Development|Default
	EndGlobalSection
	GlobalSection(ProjectConfigurationPlatforms) = postSolution
		{A56BC05F-64CD-431E-838B-8473346C2DB5}.Development|Default.ActiveCfg = Development
		{A56BC05F-64CD-431E-838B-8473346C2DB5}.Development|Default.Build.0 = Development
	EndGlobalSection
	GlobalSection(SolutionProperties) = preSolution
		HideSolutionNode = FALSE
	EndGlobalSection
EndGlobal
