
Microsoft Visual Studio Solution File, Format Version 12.00
# Visual Studio 14
VisualStudioVersion = 14.0.25420.1
MinimumVisualStudioVersion = 10.0.40219.1
Project("{159641D6-6404-4A2A-AE62-294DE0FE8301}") = "DW1.RXMaster.StartJobDB1_RXMasterETL", "DW1.RXMaster.StartJobDB1_RXMasterETL\DW1.RXMaster.StartJobDB1_RXMasterETL.dtproj", "{375093F3-5457-4BCC-8DC7-9F37E8A2D346}"
EndProject
Global
	GlobalSection(SolutionConfigurationPlatforms) = preSolution
		Development|Default = Development|Default
	EndGlobalSection
	GlobalSection(ProjectConfigurationPlatforms) = postSolution
		{375093F3-5457-4BCC-8DC7-9F37E8A2D346}.Development|Default.ActiveCfg = Development
		{375093F3-5457-4BCC-8DC7-9F37E8A2D346}.Development|Default.Build.0 = Development
	EndGlobalSection
	GlobalSection(SolutionProperties) = preSolution
		HideSolutionNode = FALSE
	EndGlobalSection
EndGlobal
