
Microsoft Visual Studio Solution File, Format Version 12.00
# Visual Studio 14
VisualStudioVersion = 14.0.25420.1
MinimumVisualStudioVersion = 10.0.40219.1
Project("{159641D6-6404-4A2A-AE62-294DE0FE8301}") = "DW1.APISalDtlpri 2017 purg.APISaleDtlprg", "DW1.APISalDtlpri 2017 purg.APISaleDtlprg\DW1.APISalDtlpri 2017 purg.APISaleDtlprg.dtproj", "{F4B31D0B-7AFF-452A-B10A-87CBB3107B12}"
EndProject
Global
	GlobalSection(SolutionConfigurationPlatforms) = preSolution
		Development|Default = Development|Default
	EndGlobalSection
	GlobalSection(ProjectConfigurationPlatforms) = postSolution
		{F4B31D0B-7AFF-452A-B10A-87CBB3107B12}.Development|Default.ActiveCfg = Development
		{F4B31D0B-7AFF-452A-B10A-87CBB3107B12}.Development|Default.Build.0 = Development
	EndGlobalSection
	GlobalSection(SolutionProperties) = preSolution
		HideSolutionNode = FALSE
	EndGlobalSection
EndGlobal
