
Microsoft Visual Studio Solution File, Format Version 12.00
# Visual Studio 14
VisualStudioVersion = 14.0.25420.1
MinimumVisualStudioVersion = 10.0.40219.1
Project("{159641D6-6404-4A2A-AE62-294DE0FE8301}") = "DW1.Dynamics.Dynamics_Dev", "DW1.Dynamics.Dynamics_Dev\DW1.Dynamics.Dynamics_Dev.dtproj", "{E1C79F7A-0BAE-44BD-952D-DDD894B6C242}"
EndProject
Global
	GlobalSection(SolutionConfigurationPlatforms) = preSolution
		Development|Default = Development|Default
	EndGlobalSection
	GlobalSection(ProjectConfigurationPlatforms) = postSolution
		{E1C79F7A-0BAE-44BD-952D-DDD894B6C242}.Development|Default.ActiveCfg = Development
		{E1C79F7A-0BAE-44BD-952D-DDD894B6C242}.Development|Default.Build.0 = Development
	EndGlobalSection
	GlobalSection(SolutionProperties) = preSolution
		HideSolutionNode = FALSE
	EndGlobalSection
EndGlobal
