
Microsoft Visual Studio Solution File, Format Version 12.00
# Visual Studio 14
VisualStudioVersion = 14.0.25420.1
MinimumVisualStudioVersion = 10.0.40219.1
Project("{159641D6-6404-4A2A-AE62-294DE0FE8301}") = "DW1.PharmacyMaster.PharmacyMaster", "DW1.PharmacyMaster.PharmacyMaster\DW1.PharmacyMaster.PharmacyMaster.dtproj", "{4FEA4DC7-D0B2-4B76-827A-8922FC8D6F2B}"
EndProject
Global
	GlobalSection(SolutionConfigurationPlatforms) = preSolution
		Development|Default = Development|Default
	EndGlobalSection
	GlobalSection(ProjectConfigurationPlatforms) = postSolution
		{4FEA4DC7-D0B2-4B76-827A-8922FC8D6F2B}.Development|Default.ActiveCfg = Development
		{4FEA4DC7-D0B2-4B76-827A-8922FC8D6F2B}.Development|Default.Build.0 = Development
	EndGlobalSection
	GlobalSection(SolutionProperties) = preSolution
		HideSolutionNode = FALSE
	EndGlobalSection
EndGlobal
