
Microsoft Visual Studio Solution File, Format Version 12.00
# Visual Studio 14
VisualStudioVersion = 14.0.25420.1
MinimumVisualStudioVersion = 10.0.40219.1
Project("{159641D6-6404-4A2A-AE62-294DE0FE8301}") = "DW1.RX30.RX30", "DW1.RX30.RX30\DW1.RX30.RX30.dtproj", "{4AA2338B-509E-4961-9482-603F77F6AAEC}"
EndProject
Global
	GlobalSection(SolutionConfigurationPlatforms) = preSolution
		Development|Default = Development|Default
	EndGlobalSection
	GlobalSection(ProjectConfigurationPlatforms) = postSolution
		{4AA2338B-509E-4961-9482-603F77F6AAEC}.Development|Default.ActiveCfg = Development
		{4AA2338B-509E-4961-9482-603F77F6AAEC}.Development|Default.Build.0 = Development
	EndGlobalSection
	GlobalSection(SolutionProperties) = preSolution
		HideSolutionNode = FALSE
	EndGlobalSection
EndGlobal
