
Microsoft Visual Studio Solution File, Format Version 12.00
# Visual Studio 14
VisualStudioVersion = 14.0.25420.1
MinimumVisualStudioVersion = 10.0.40219.1
Project("{159641D6-6404-4A2A-AE62-294DE0FE8301}") = "DW1.Arete ETl.Arete_FormularyPrice_CntAct", "DW1.Arete ETl.Arete_FormularyPrice_CntAct\DW1.Arete ETl.Arete_FormularyPrice_CntAct.dtproj", "{10EC2A75-F86E-4308-A0AF-005CF0D5D177}"
EndProject
Global
	GlobalSection(SolutionConfigurationPlatforms) = preSolution
		Development|Default = Development|Default
	EndGlobalSection
	GlobalSection(ProjectConfigurationPlatforms) = postSolution
		{10EC2A75-F86E-4308-A0AF-005CF0D5D177}.Development|Default.ActiveCfg = Development
		{10EC2A75-F86E-4308-A0AF-005CF0D5D177}.Development|Default.Build.0 = Development
	EndGlobalSection
	GlobalSection(SolutionProperties) = preSolution
		HideSolutionNode = FALSE
	EndGlobalSection
EndGlobal
