
Microsoft Visual Studio Solution File, Format Version 12.00
# Visual Studio 14
VisualStudioVersion = 14.0.25420.1
MinimumVisualStudioVersion = 10.0.40219.1
Project("{159641D6-6404-4A2A-AE62-294DE0FE8301}") = "DW1.DBA.DBA", "DW1.DBA.DBA\DW1.DBA.DBA.dtproj", "{9B22BD4C-708E-493A-99B1-D609C10684D1}"
EndProject
Global
	GlobalSection(SolutionConfigurationPlatforms) = preSolution
		Development|Default = Development|Default
	EndGlobalSection
	GlobalSection(ProjectConfigurationPlatforms) = postSolution
		{9B22BD4C-708E-493A-99B1-D609C10684D1}.Development|Default.ActiveCfg = Development
		{9B22BD4C-708E-493A-99B1-D609C10684D1}.Development|Default.Build.0 = Development
	EndGlobalSection
	GlobalSection(SolutionProperties) = preSolution
		HideSolutionNode = FALSE
	EndGlobalSection
EndGlobal
